{
    "_readme": [
        "This file locks the dependencies of your project to a known state",
        "Read more about it at https://getcomposer.org/doc/01-basic-usage.md#installing-dependencies",
        "This file is @generated automatically"
    ],
    "content-hash": "341e06a32019487214957ce2e7815941",
    "packages": [
        {
            "name": "webignition/simplytestable-user-interface",
            "version": "0.2",
            "source": {
                "type": "git",
                "url": "https://github.com/webignition/simplytestable-user-interface.git",
                "reference": "5caab6ca08fe4b0d2a88bab6aba63ede098818f6"
            },
            "dist": {
                "type": "zip",
                "url": "https://api.github.com/repos/webignition/simplytestable-user-interface/zipball/5caab6ca08fe4b0d2a88bab6aba63ede098818f6",
                "reference": "5caab6ca08fe4b0d2a88bab6aba63ede098818f6",
                "shasum": ""
            },
            "require": {
                "php": ">=7.2.0"
            },
            "type": "library",
            "autoload": {
                "psr-4": {
                    "webignition\\SimplyTestableUserInterface\\": "src/"
                }
            },
            "notification-url": "https://packagist.org/downloads/",
            "license": [
                "MIT"
            ],
            "authors": [
                {
                    "name": "Jon Cram",
                    "email": "jon@webignition.net"
                }
            ],
            "homepage": "https://github.com/webignition/simplytestable-user-interface",
            "time": "2018-08-24T17:17:44+00:00"
        }
    ],
    "packages-dev": [],
    "aliases": [],
    "minimum-stability": "stable",
    "stability-flags": [],
    "prefer-stable": false,
    "prefer-lowest": false,
    "platform": {
        "php": ">=7.2.0"
    },
    "platform-dev": []
}
